Microsoft Visual Studio Solution File, Format Version 12.00
# Visual Studio Version 17
VisualStudioVersion = 17.5.2.0
MinimumVisualStudioVersion = 10.0.40219.1
Project("{FAE04EC0-301F-11D3-BF4B-00C04F79EFBC}") = "automation", "automation.csproj", "{6B70407B-FFBB-01F8-AF6D-3A1D5973629D}"
EndProject
Global
	GlobalSection(SolutionConfigurationPlatforms) = preSolution
		Debug|Any CPU = Debug|Any CPU
		Release|Any CPU = Release|Any CPU
	EndGlobalSection
	GlobalSection(ProjectConfigurationPlatforms) = postSolution
		{6B70407B-FFBB-01F8-AF6D-3A1D5973629D}.Debug|Any CPU.ActiveCfg = Debug|Any CPU
		{6B70407B-FFBB-01F8-AF6D-3A1D5973629D}.Debug|Any CPU.Build.0 = Debug|Any CPU
		{6B70407B-FFBB-01F8-AF6D-3A1D5973629D}.Release|Any CPU.ActiveCfg = Release|Any CPU
		{6B70407B-FFBB-01F8-AF6D-3A1D5973629D}.Release|Any CPU.Build.0 = Release|Any CPU
	EndGlobalSection
	GlobalSection(SolutionProperties) = preSolution
		HideSolutionNode = FALSE
	EndGlobalSection
	GlobalSection(ExtensibilityGlobals) = postSolution
		SolutionGuid = {A10212F1-AAF7-4D2B-9EB9-63397F012B83}
	EndGlobalSection
EndGlobal
